
Microsoft Visual Studio Solution File, Format Version 12.00
# Visual Studio Version 17
VisualStudioVersion = 17.7.34031.279
MinimumVisualStudioVersion = 10.0.40219.1
Project("{FAE04EC0-301F-11D3-BF4B-00C04F79EFBC}") = "SchoolManagementAPI", "SchoolManagementAPI.csproj", "{C3833D39-0AAD-428D-AECF-3473F9D8678C}"
EndProject
Global
	GlobalSection(SolutionConfigurationPlatforms) = preSolution
		Debug|Any CPU = Debug|Any CPU
		Release|Any CPU = Release|Any CPU
	EndGlobalSection
	GlobalSection(ProjectConfigurationPlatforms) = postSolution
		{C3833D39-0AAD-428D-AECF-3473F9D8678C}.Debug|Any CPU.ActiveCfg = Debug|Any CPU
		{C3833D39-0AAD-428D-AECF-3473F9D8678C}.Debug|Any CPU.Build.0 = Debug|Any CPU
		{C3833D39-0AAD-428D-AECF-3473F9D8678C}.Release|Any CPU.ActiveCfg = Release|Any CPU
		{C3833D39-0AAD-428D-AECF-3473F9D8678C}.Release|Any CPU.Build.0 = Release|Any CPU
	EndGlobalSection
	GlobalSection(SolutionProperties) = preSolution
		HideSolutionNode = FALSE
	EndGlobalSection
	GlobalSection(ExtensibilityGlobals) = postSolution
		SolutionGuid = {F3E81F72-C6F4-4C2F-9A2B-E3A0F9322DD6}
	EndGlobalSection
EndGlobal
